
Microsoft Visual Studio Solution File, Format Version 12.00
# Visual Studio Version 17
VisualStudioVersion = 17.1.32210.238
MinimumVisualStudioVersion = 10.0.40219.1
Project("{FAE04EC0-301F-11D3-BF4B-00C04F79EFBC}") = "Vista", "VIsta\Vista.csproj", "{91FCF488-492F-4C93-AB9D-55C043CB42E0}"
EndProject
Project("{FAE04EC0-301F-11D3-BF4B-00C04F79EFBC}") = "Biblioteca", "Biblioteca\Biblioteca.csproj", "{D1982C6F-AED1-46AC-B2BF-CE53FA82E954}"
EndProject
Global
	GlobalSection(SolutionConfigurationPlatforms) = preSolution
		Debug|Any CPU = Debug|Any CPU
		Release|Any CPU = Release|Any CPU
	EndGlobalSection
	GlobalSection(ProjectConfigurationPlatforms) = postSolution
		{91FCF488-492F-4C93-AB9D-55C043CB42E0}.Debug|Any CPU.ActiveCfg = Debug|Any CPU
		{91FCF488-492F-4C93-AB9D-55C043CB42E0}.Debug|Any CPU.Build.0 = Debug|Any CPU
		{91FCF488-492F-4C93-AB9D-55C043CB42E0}.Release|Any CPU.ActiveCfg = Release|Any CPU
		{91FCF488-492F-4C93-AB9D-55C043CB42E0}.Release|Any CPU.Build.0 = Release|Any CPU
		{D1982C6F-AED1-46AC-B2BF-CE53FA82E954}.Debug|Any CPU.ActiveCfg = Debug|Any CPU
		{D1982C6F-AED1-46AC-B2BF-CE53FA82E954}.Debug|Any CPU.Build.0 = Debug|Any CPU
		{D1982C6F-AED1-46AC-B2BF-CE53FA82E954}.Release|Any CPU.ActiveCfg = Release|Any CPU
		{D1982C6F-AED1-46AC-B2BF-CE53FA82E954}.Release|Any CPU.Build.0 = Release|Any CPU
	EndGlobalSection
	GlobalSection(SolutionProperties) = preSolution
		HideSolutionNode = FALSE
	EndGlobalSection
	GlobalSection(ExtensibilityGlobals) = postSolution
		SolutionGuid = {93777A30-6143-42CF-BD66-1981D468F3D2}
	EndGlobalSection
EndGlobal
