
Microsoft Visual Studio Solution File, Format Version 12.00
# Visual Studio Version 17
VisualStudioVersion = 17.1.32210.238
MinimumVisualStudioVersion = 10.0.40219.1
Project("{FAE04EC0-301F-11D3-BF4B-00C04F79EFBC}") = "EjercicioI07", "EjercicioI07\EjercicioI07.csproj", "{74102887-544A-4E63-8885-16BF3D9555E8}"
EndProject
Project("{9A19103F-16F7-4668-BE54-9A1E7A4F7556}") = "LogicaDeNegocio", "..\LogicaDeNegocio\LogicaDeNegocio.csproj", "{98AC1514-79CB-4CAC-B9B5-6D539B9FF592}"
EndProject
Global
	GlobalSection(SolutionConfigurationPlatforms) = preSolution
		Debug|Any CPU = Debug|Any CPU
		Release|Any CPU = Release|Any CPU
	EndGlobalSection
	GlobalSection(ProjectConfigurationPlatforms) = postSolution
		{74102887-544A-4E63-8885-16BF3D9555E8}.Debug|Any CPU.ActiveCfg = Debug|Any CPU
		{74102887-544A-4E63-8885-16BF3D9555E8}.Debug|Any CPU.Build.0 = Debug|Any CPU
		{74102887-544A-4E63-8885-16BF3D9555E8}.Release|Any CPU.ActiveCfg = Release|Any CPU
		{74102887-544A-4E63-8885-16BF3D9555E8}.Release|Any CPU.Build.0 = Release|Any CPU
		{98AC1514-79CB-4CAC-B9B5-6D539B9FF592}.Debug|Any CPU.ActiveCfg = Debug|Any CPU
		{98AC1514-79CB-4CAC-B9B5-6D539B9FF592}.Debug|Any CPU.Build.0 = Debug|Any CPU
		{98AC1514-79CB-4CAC-B9B5-6D539B9FF592}.Release|Any CPU.ActiveCfg = Release|Any CPU
		{98AC1514-79CB-4CAC-B9B5-6D539B9FF592}.Release|Any CPU.Build.0 = Release|Any CPU
	EndGlobalSection
	GlobalSection(SolutionProperties) = preSolution
		HideSolutionNode = FALSE
	EndGlobalSection
	GlobalSection(ExtensibilityGlobals) = postSolution
		SolutionGuid = {061192F2-057F-4DAF-833B-68FC84199CE8}
	EndGlobalSection
EndGlobal
